
Microsoft Visual Studio Solution File, Format Version 12.00
# Visual Studio Version 17
VisualStudioVersion = 17.9.34701.34
MinimumVisualStudioVersion = 10.0.40219.1
Project("{9A19103F-16F7-4668-BE54-9A1E7A4F7556}") = "ManagementMicroservice", "ManagementMicroService\ManagementMicroservice.csproj", "{9037E862-C834-4182-A6C5-4DC03504C643}"
EndProject
Project("{9A19103F-16F7-4668-BE54-9A1E7A4F7556}") = "AppointmentSystemMicroservice", "AppointmentSystemMicroservice\AppointmentSystemMicroservice.csproj", "{511D5DDD-365C-4DE2-A834-98134B95E4D7}"
EndProject
Project("{2150E333-8FDC-42A3-9474-1A3956D46DE8}") = "RabbitMQ", "RabbitMQ", "{347EA4D8-34AF-4392-84BA-FCDF17E1C174}"
	ProjectSection(SolutionItems) = preProject
		docker-compose.yml = docker-compose.yml
	EndProjectSection
EndProject
Project("{FAE04EC0-301F-11D3-BF4B-00C04F79EFBC}") = "RabbitMQConsumer", "RabbitMQConsumer\RabbitMQConsumer.csproj", "{F7C3FBFB-56A8-444F-BA70-348BD2D32A30}"
EndProject
Global
	GlobalSection(SolutionConfigurationPlatforms) = preSolution
		Debug|Any CPU = Debug|Any CPU
		Release|Any CPU = Release|Any CPU
	EndGlobalSection
	GlobalSection(ProjectConfigurationPlatforms) = postSolution
		{9037E862-C834-4182-A6C5-4DC03504C643}.Debug|Any CPU.ActiveCfg = Debug|Any CPU
		{9037E862-C834-4182-A6C5-4DC03504C643}.Debug|Any CPU.Build.0 = Debug|Any CPU
		{9037E862-C834-4182-A6C5-4DC03504C643}.Release|Any CPU.ActiveCfg = Release|Any CPU
		{9037E862-C834-4182-A6C5-4DC03504C643}.Release|Any CPU.Build.0 = Release|Any CPU
		{511D5DDD-365C-4DE2-A834-98134B95E4D7}.Debug|Any CPU.ActiveCfg = Debug|Any CPU
		{511D5DDD-365C-4DE2-A834-98134B95E4D7}.Debug|Any CPU.Build.0 = Debug|Any CPU
		{511D5DDD-365C-4DE2-A834-98134B95E4D7}.Release|Any CPU.ActiveCfg = Release|Any CPU
		{511D5DDD-365C-4DE2-A834-98134B95E4D7}.Release|Any CPU.Build.0 = Release|Any CPU
		{F7C3FBFB-56A8-444F-BA70-348BD2D32A30}.Debug|Any CPU.ActiveCfg = Debug|Any CPU
		{F7C3FBFB-56A8-444F-BA70-348BD2D32A30}.Debug|Any CPU.Build.0 = Debug|Any CPU
		{F7C3FBFB-56A8-444F-BA70-348BD2D32A30}.Release|Any CPU.ActiveCfg = Release|Any CPU
		{F7C3FBFB-56A8-444F-BA70-348BD2D32A30}.Release|Any CPU.Build.0 = Release|Any CPU
	EndGlobalSection
	GlobalSection(SolutionProperties) = preSolution
		HideSolutionNode = FALSE
	EndGlobalSection
	GlobalSection(ExtensibilityGlobals) = postSolution
		SolutionGuid = {20DD4280-6450-4FD0-B56E-4C9FCAE25A59}
	EndGlobalSection
EndGlobal
